{
  "name": "gateway",
  "version": "1.0.0",
  "lockfileVersion": 1,
  "requires": true,
  "dependencies": {
    "accepts": {
      "version": "https://registry.npmjs.org/accepts/-/accepts-1.3.4.tgz",
      "integrity": "sha1-hiRnWMfdbSGmR0/whKR0DsBesh8=",
      "requires": {
        "mime-types": "https://registry.npmjs.org/mime-types/-/mime-types-2.1.17.tgz",
        "negotiator": "https://registry.npmjs.org/negotiator/-/negotiator-0.6.1.tgz"
      }
    },
    "align-text": {
      "version": "0.1.4",
      "resolved": "https://registry.npmjs.org/align-text/-/align-text-0.1.4.tgz",
      "integrity": "sha1-DNkKVhCT810KmSVsIrcGlDP60Rc=",
      "requires": {
        "kind-of": "3.2.2",
        "longest": "1.0.1",
        "repeat-string": "1.6.1"
      }
    },
    "amdefine": {
      "version": "1.0.1",
      "resolved": "https://registry.npmjs.org/amdefine/-/amdefine-1.0.1.tgz",
      "integrity": "sha1-SlKCrBZHKek2Gbz9OtFR+BfOkfU="
    },
    "array-flatten": {
      "version": "https://registry.npmjs.org/array-flatten/-/array-flatten-1.1.1.tgz",
      "integrity": "sha1-ml9pkFGx5wczKPKgCJaLZOopVdI="
    },
    "asap": {
      "version": "2.0.6",
      "resolved": "https://registry.npmjs.org/asap/-/asap-2.0.6.tgz",
      "integrity": "sha1-5QNHYR1+aQlDIIu9r+vLwvuGbUY="
    },
    "async": {
      "version": "1.5.2",
      "resolved": "https://registry.npmjs.org/async/-/async-1.5.2.tgz",
      "integrity": "sha1-7GphrlZIDAw8skHJVhjiCJL5Zyo="
    },
    "async-limiter": {
      "version": "1.0.0",
      "resolved": "https://registry.npmjs.org/async-limiter/-/async-limiter-1.0.0.tgz",
      "integrity": "sha512-jp/uFnooOiO+L211eZOoSyzpOITMXx1rBITauYykG3BRYPu8h0UcxsPNB04RR5vo4Tyz3+ay17tR6JVf9qzYWg=="
    },
    "aws-iot-device-sdk": {
      "version": "2.1.0",
      "resolved": "https://registry.npmjs.org/aws-iot-device-sdk/-/aws-iot-device-sdk-2.1.0.tgz",
      "integrity": "sha1-lRwBFtB7sXSvYZ2ZGXd3xpaKYdw=",
      "requires": {
        "crypto-js": "3.1.6",
        "minimist": "https://registry.npmjs.org/minimist/-/minimist-1.2.0.tgz",
        "mqtt": "2.13.0",
        "websocket-stream": "3.3.3"
      }
    },
    "balanced-match": {
      "version": "https://registry.npmjs.org/balanced-match/-/balanced-match-1.0.0.tgz",
      "integrity": "sha1-ibTRmasr7kneFk6gK4nORi1xt2c="
    },
    "bl": {
      "version": "1.2.1",
      "resolved": "https://registry.npmjs.org/bl/-/bl-1.2.1.tgz",
      "integrity": "sha1-ysMo977kVzDUBLaSID/LWQ4XLV4=",
      "requires": {
        "readable-stream": "2.3.3"
      }
    },
    "body-parser": {
      "version": "https://registry.npmjs.org/body-parser/-/body-parser-1.18.2.tgz",
      "integrity": "sha1-h2eKGdhLR9hZuDGZvVm84iKxBFQ=",
      "requires": {
        "bytes": "https://registry.npmjs.org/bytes/-/bytes-3.0.0.tgz",
        "content-type": "https://registry.npmjs.org/content-type/-/content-type-1.0.4.tgz",
        "debug": "https://registry.npmjs.org/debug/-/debug-2.6.9.tgz",
        "depd": "https://registry.npmjs.org/depd/-/depd-1.1.1.tgz",
        "http-errors": "https://registry.npmjs.org/http-errors/-/http-errors-1.6.2.tgz",
        "iconv-lite": "https://registry.npmjs.org/iconv-lite/-/iconv-lite-0.4.19.tgz",
        "on-finished": "https://registry.npmjs.org/on-finished/-/on-finished-2.3.0.tgz",
        "qs": "https://registry.npmjs.org/qs/-/qs-6.5.1.tgz",
        "raw-body": "https://registry.npmjs.org/raw-body/-/raw-body-2.3.2.tgz",
        "type-is": "https://registry.npmjs.org/type-is/-/type-is-1.6.15.tgz"
      }
    },
    "brace-expansion": {
      "version": "https://registry.npmjs.org/brace-expansion/-/brace-expansion-1.1.8.tgz",
      "integrity": "sha1-wHshHHyVLsH479Uad+8NHTmQopI=",
      "requires": {
        "balanced-match": "https://registry.npmjs.org/balanced-match/-/balanced-match-1.0.0.tgz",
        "concat-map": "https://registry.npmjs.org/concat-map/-/concat-map-0.0.1.tgz"
      }
    },
    "bunyan": {
      "version": "https://registry.npmjs.org/bunyan/-/bunyan-1.8.12.tgz",
      "integrity": "sha1-8VDw9nSKvdcq6uhPBEA74u8RN5c=",
      "requires": {
        "dtrace-provider": "https://registry.npmjs.org/dtrace-provider/-/dtrace-provider-0.8.5.tgz",
        "moment": "https://registry.npmjs.org/moment/-/moment-2.19.1.tgz",
        "mv": "https://registry.npmjs.org/mv/-/mv-2.1.1.tgz",
        "safe-json-stringify": "https://registry.npmjs.org/safe-json-stringify/-/safe-json-stringify-1.0.4.tgz"
      }
    },
    "bytes": {
      "version": "https://registry.npmjs.org/bytes/-/bytes-3.0.0.tgz",
      "integrity": "sha1-0ygVQE1olpn4Wk6k+odV3ROpYEg="
    },
    "callback-stream": {
      "version": "1.1.0",
      "resolved": "https://registry.npmjs.org/callback-stream/-/callback-stream-1.1.0.tgz",
      "integrity": "sha1-RwGlEmbwbgbqpx/BcjOCLYdfSQg=",
      "requires": {
        "inherits": "https://registry.npmjs.org/inherits/-/inherits-2.0.3.tgz",
        "readable-stream": "2.3.3"
      }
    },
    "camelcase": {
      "version": "1.2.1",
      "resolved": "https://registry.npmjs.org/camelcase/-/camelcase-1.2.1.tgz",
      "integrity": "sha1-m7UwTS4LVmmLLHWLCKPqqdqlijk=",
      "optional": true
    },
    "center-align": {
      "version": "0.1.3",
      "resolved": "https://registry.npmjs.org/center-align/-/center-align-0.1.3.tgz",
      "integrity": "sha1-qg0yYptu6XIgBBHL1EYckHvCt60=",
      "optional": true,
      "requires": {
        "align-text": "0.1.4",
        "lazy-cache": "1.0.4"
      }
    },
    "cliui": {
      "version": "2.1.0",
      "resolved": "https://registry.npmjs.org/cliui/-/cliui-2.1.0.tgz",
      "integrity": "sha1-S0dXYP+AJkx2LDoXGQMukcf+oNE=",
      "optional": true,
      "requires": {
        "center-align": "0.1.3",
        "right-align": "0.1.3",
        "wordwrap": "0.0.2"
      },
      "dependencies": {
        "wordwrap": {
          "version": "0.0.2",
          "resolved": "https://registry.npmjs.org/wordwrap/-/wordwrap-0.0.2.tgz",
          "integrity": "sha1-t5Zpu0LstAn4PVg8rVLKF+qhZD8=",
          "optional": true
        }
      }
    },
    "commist": {
      "version": "1.0.0",
      "resolved": "https://registry.npmjs.org/commist/-/commist-1.0.0.tgz",
      "integrity": "sha1-wMNSUBz29S6RJOPvicmAbiAi6+8=",
      "requires": {
        "leven": "1.0.2",
        "minimist": "https://registry.npmjs.org/minimist/-/minimist-1.2.0.tgz"
      }
    },
    "concat-map": {
      "version": "https://registry.npmjs.org/concat-map/-/concat-map-0.0.1.tgz",
      "integrity": "sha1-2Klr13/Wjfd5OnMDajug1UBdR3s="
    },
    "concat-stream": {
      "version": "1.6.0",
      "resolved": "https://registry.npmjs.org/concat-stream/-/concat-stream-1.6.0.tgz",
      "integrity": "sha1-CqxmL9Ur54lk1VMvaUeE5wEQrPc=",
      "requires": {
        "inherits": "https://registry.npmjs.org/inherits/-/inherits-2.0.3.tgz",
        "readable-stream": "2.3.3",
        "typedarray": "0.0.6"
      }
    },
    "content-disposition": {
      "version": "https://registry.npmjs.org/content-disposition/-/content-disposition-0.5.2.tgz",
      "integrity": "sha1-DPaLud318r55YcOoUXjLhdunjLQ="
    },
    "content-type": {
      "version": "https://registry.npmjs.org/content-type/-/content-type-1.0.4.tgz",
      "integrity": "sha1-4TjMdeBAxyexlm/l5fjJruJW/js="
    },
    "cookie": {
      "version": "https://registry.npmjs.org/cookie/-/cookie-0.3.1.tgz",
      "integrity": "sha1-5+Ch+e9DtMi6klxcWpboBtFoc7s="
    },
    "cookie-signature": {
      "version": "https://registry.npmjs.org/cookie-signature/-/cookie-signature-1.0.6.tgz",
      "integrity": "sha1-4wOogrNCzD7oylE6eZmXNNqzriw="
    },
    "core-util-is": {
      "version": "1.0.2",
      "resolved": "https://registry.npmjs.org/core-util-is/-/core-util-is-1.0.2.tgz",
      "integrity": "sha1-tf1UIgqivFq1eqtxQMlAdUUDwac="
    },
    "crypto-js": {
      "version": "3.1.6",
      "resolved": "https://registry.npmjs.org/crypto-js/-/crypto-js-3.1.6.tgz",
      "integrity": "sha1-YUJlGyMtu469+pcWpwooiDWdpsk="
    },
    "debug": {
      "version": "https://registry.npmjs.org/debug/-/debug-2.6.9.tgz",
      "integrity": "sha1-XRKFFd8TT/Mn6QpMk/Tgd6U2NB8=",
      "requires": {
        "ms": "https://registry.npmjs.org/ms/-/ms-2.0.0.tgz"
      }
    },
    "decamelize": {
      "version": "1.2.0",
      "resolved": "https://registry.npmjs.org/decamelize/-/decamelize-1.2.0.tgz",
      "integrity": "sha1-9lNNFRSCabIDUue+4m9QH5oZEpA=",
      "optional": true
    },
    "define-properties": {
      "version": "1.1.2",
      "resolved": "https://registry.npmjs.org/define-properties/-/define-properties-1.1.2.tgz",
      "integrity": "sha1-g6c/L+pWmJj7c3GTyPhzyvbUXJQ=",
      "requires": {
        "foreach": "2.0.5",
        "object-keys": "1.0.11"
      }
    },
    "depd": {
      "version": "https://registry.npmjs.org/depd/-/depd-1.1.1.tgz",
      "integrity": "sha1-V4O04cRZ8G+lyif5kfPQbnoxA1k="
    },
    "destroy": {
      "version": "https://registry.npmjs.org/destroy/-/destroy-1.0.4.tgz",
      "integrity": "sha1-l4hXRCxEdJ5CBmE+N5RiBYJqvYA="
    },
    "dtrace-provider": {
      "version": "https://registry.npmjs.org/dtrace-provider/-/dtrace-provider-0.8.5.tgz",
      "integrity": "sha1-mOu6Ihr6xG4cOf02hY2Pk2dSS5I=",
      "optional": true,
      "requires": {
        "nan": "https://registry.npmjs.org/nan/-/nan-2.7.0.tgz"
      }
    },
    "duplexify": {
      "version": "3.5.1",
      "resolved": "https://registry.npmjs.org/duplexify/-/duplexify-3.5.1.tgz",
      "integrity": "sha512-j5goxHTwVED1Fpe5hh3q9R93Kip0Bg2KVAt4f8CEYM3UEwYcPSvWbXaUQOzdX/HtiNomipv+gU7ASQPDbV7pGQ==",
      "requires": {
        "end-of-stream": "1.4.0",
        "inherits": "https://registry.npmjs.org/inherits/-/inherits-2.0.3.tgz",
        "readable-stream": "2.3.3",
        "stream-shift": "1.0.0"
      }
    },
    "ee-first": {
      "version": "https://registry.npmjs.org/ee-first/-/ee-first-1.1.1.tgz",
      "integrity": "sha1-WQxhFWsK4vTwJVcyoViyZrxWsh0="
    },
    "encodeurl": {
      "version": "https://registry.npmjs.org/encodeurl/-/encodeurl-1.0.1.tgz",
      "integrity": "sha1-eePVhlU0aQn+bw9Fpd5oEDspTSA="
    },
    "end-of-stream": {
      "version": "1.4.0",
      "resolved": "https://registry.npmjs.org/end-of-stream/-/end-of-stream-1.4.0.tgz",
      "integrity": "sha1-epDYM+/abPpurA9JSduw+tOmMgY=",
      "requires": {
        "once": "https://registry.npmjs.org/once/-/once-1.4.0.tgz"
      }
    },
    "escape-html": {
      "version": "https://registry.npmjs.org/escape-html/-/escape-html-1.0.3.tgz",
      "integrity": "sha1-Aljq5NPQwJdN4cFpGI7wBR0dGYg="
    },
    "etag": {
      "version": "https://registry.npmjs.org/etag/-/etag-1.8.1.tgz",
      "integrity": "sha1-Qa4u62XvpiJorr/qg6x9eSmbCIc="
    },
    "express": {
      "version": "https://registry.npmjs.org/express/-/express-4.16.2.tgz",
      "integrity": "sha1-41xt/i1kt9ygpc1PIXgb4ymeB2w=",
      "requires": {
        "accepts": "https://registry.npmjs.org/accepts/-/accepts-1.3.4.tgz",
        "array-flatten": "https://registry.npmjs.org/array-flatten/-/array-flatten-1.1.1.tgz",
        "body-parser": "https://registry.npmjs.org/body-parser/-/body-parser-1.18.2.tgz",
        "content-disposition": "https://registry.npmjs.org/content-disposition/-/content-disposition-0.5.2.tgz",
        "content-type": "https://registry.npmjs.org/content-type/-/content-type-1.0.4.tgz",
        "cookie": "https://registry.npmjs.org/cookie/-/cookie-0.3.1.tgz",
        "cookie-signature": "https://registry.npmjs.org/cookie-signature/-/cookie-signature-1.0.6.tgz",
        "debug": "https://registry.npmjs.org/debug/-/debug-2.6.9.tgz",
        "depd": "https://registry.npmjs.org/depd/-/depd-1.1.1.tgz",
        "encodeurl": "https://registry.npmjs.org/encodeurl/-/encodeurl-1.0.1.tgz",
        "escape-html": "https://registry.npmjs.org/escape-html/-/escape-html-1.0.3.tgz",
        "etag": "https://registry.npmjs.org/etag/-/etag-1.8.1.tgz",
        "finalhandler": "https://registry.npmjs.org/finalhandler/-/finalhandler-1.1.0.tgz",
        "fresh": "https://registry.npmjs.org/fresh/-/fresh-0.5.2.tgz",
        "merge-descriptors": "https://registry.npmjs.org/merge-descriptors/-/merge-descriptors-1.0.1.tgz",
        "methods": "https://registry.npmjs.org/methods/-/methods-1.1.2.tgz",
        "on-finished": "https://registry.npmjs.org/on-finished/-/on-finished-2.3.0.tgz",
        "parseurl": "https://registry.npmjs.org/parseurl/-/parseurl-1.3.2.tgz",
        "path-to-regexp": "https://registry.npmjs.org/path-to-regexp/-/path-to-regexp-0.1.7.tgz",
        "proxy-addr": "https://registry.npmjs.org/proxy-addr/-/proxy-addr-2.0.2.tgz",
        "qs": "https://registry.npmjs.org/qs/-/qs-6.5.1.tgz",
        "range-parser": "https://registry.npmjs.org/range-parser/-/range-parser-1.2.0.tgz",
        "safe-buffer": "https://registry.npmjs.org/safe-buffer/-/safe-buffer-5.1.1.tgz",
        "send": "https://registry.npmjs.org/send/-/send-0.16.1.tgz",
        "serve-static": "https://registry.npmjs.org/serve-static/-/serve-static-1.13.1.tgz",
        "setprototypeof": "https://registry.npmjs.org/setprototypeof/-/setprototypeof-1.1.0.tgz",
        "statuses": "https://registry.npmjs.org/statuses/-/statuses-1.3.1.tgz",
        "type-is": "https://registry.npmjs.org/type-is/-/type-is-1.6.15.tgz",
        "utils-merge": "https://registry.npmjs.org/utils-merge/-/utils-merge-1.0.1.tgz",
        "vary": "https://registry.npmjs.org/vary/-/vary-1.1.2.tgz"
      },
      "dependencies": {
        "setprototypeof": {
          "version": "https://registry.npmjs.org/setprototypeof/-/setprototypeof-1.1.0.tgz",
          "integrity": "sha1-0L2FU2iHtv58DYGMuWLZ2RxU5lY="
        },
        "statuses": {
          "version": "https://registry.npmjs.org/statuses/-/statuses-1.3.1.tgz",
          "integrity": "sha1-+vUbnrdKrvOzrPStX2Gr8ky3uT4="
        }
      }
    },
    "express-handlebars": {
      "version": "3.0.0",
      "resolved": "https://registry.npmjs.org/express-handlebars/-/express-handlebars-3.0.0.tgz",
      "integrity": "sha1-gKBwu4GbCeSvLKbQeA91zgXnXC8=",
      "requires": {
        "glob": "6.0.4",
        "graceful-fs": "4.1.11",
        "handlebars": "4.0.11",
        "object.assign": "4.0.4",
        "promise": "7.3.1"
      },
      "dependencies": {
        "glob": {
          "version": "6.0.4",
          "resolved": "https://registry.npmjs.org/glob/-/glob-6.0.4.tgz",
          "integrity": "sha1-DwiGD2oVUSey+t1PnOJLGqtuTSI=",
          "requires": {
            "inflight": "https://registry.npmjs.org/inflight/-/inflight-1.0.6.tgz",
            "inherits": "https://registry.npmjs.org/inherits/-/inherits-2.0.3.tgz",
            "minimatch": "https://registry.npmjs.org/minimatch/-/minimatch-3.0.4.tgz",
            "once": "https://registry.npmjs.org/once/-/once-1.4.0.tgz",
            "path-is-absolute": "https://registry.npmjs.org/path-is-absolute/-/path-is-absolute-1.0.1.tgz"
          }
        }
      }
    },
    "express-ws": {
      "version": "3.0.0",
      "resolved": "https://registry.npmjs.org/express-ws/-/express-ws-3.0.0.tgz",
      "integrity": "sha1-fdqvO3x1iGXAmZBZiZEbYjRHfb0=",
      "requires": {
        "ws": "2.3.1"
      },
      "dependencies": {
        "safe-buffer": {
          "version": "5.0.1",
          "resolved": "https://registry.npmjs.org/safe-buffer/-/safe-buffer-5.0.1.tgz",
          "integrity": "sha1-0mPKVGls2KMGtcplUekt5XkY++c="
        },
        "ws": {
          "version": "2.3.1",
          "resolved": "https://registry.npmjs.org/ws/-/ws-2.3.1.tgz",
          "integrity": "sha1-a5Sz5EfLajY/eF6vlK9jWejoHIA=",
          "requires": {
            "safe-buffer": "5.0.1",
            "ultron": "https://registry.npmjs.org/ultron/-/ultron-1.1.0.tgz"
          }
        }
      }
    },
    "extend": {
      "version": "3.0.1",
      "resolved": "https://registry.npmjs.org/extend/-/extend-3.0.1.tgz",
      "integrity": "sha1-p1Xqe8Gt/MWjHOfnYtuq3F5jZEQ="
    },
    "extend-shallow": {
      "version": "2.0.1",
      "resolved": "https://registry.npmjs.org/extend-shallow/-/extend-shallow-2.0.1.tgz",
      "integrity": "sha1-Ua99YUrZqfYQ6huvu5idaxxWiQ8=",
      "requires": {
        "is-extendable": "0.1.1"
      }
    },
    "finalhandler": {
      "version": "https://registry.npmjs.org/finalhandler/-/finalhandler-1.1.0.tgz",
      "integrity": "sha1-zgtoVbRYU+eRsvzGgARtiCU91/U=",
      "requires": {
        "debug": "https://registry.npmjs.org/debug/-/debug-2.6.9.tgz",
        "encodeurl": "https://registry.npmjs.org/encodeurl/-/encodeurl-1.0.1.tgz",
        "escape-html": "https://registry.npmjs.org/escape-html/-/escape-html-1.0.3.tgz",
        "on-finished": "https://registry.npmjs.org/on-finished/-/on-finished-2.3.0.tgz",
        "parseurl": "https://registry.npmjs.org/parseurl/-/parseurl-1.3.2.tgz",
        "statuses": "https://registry.npmjs.org/statuses/-/statuses-1.3.1.tgz",
        "unpipe": "https://registry.npmjs.org/unpipe/-/unpipe-1.0.0.tgz"
      },
      "dependencies": {
        "statuses": {
          "version": "https://registry.npmjs.org/statuses/-/statuses-1.3.1.tgz",
          "integrity": "sha1-+vUbnrdKrvOzrPStX2Gr8ky3uT4="
        }
      }
    },
    "foreach": {
      "version": "2.0.5",
      "resolved": "https://registry.npmjs.org/foreach/-/foreach-2.0.5.tgz",
      "integrity": "sha1-C+4AUBiusmDQo6865ljdATbsG5k="
    },
    "forwarded": {
      "version": "https://registry.npmjs.org/forwarded/-/forwarded-0.1.2.tgz",
      "integrity": "sha1-mMI9qxF1ZXuMBXPozszZGw/xjIQ="
    },
    "fresh": {
      "version": "https://registry.npmjs.org/fresh/-/fresh-0.5.2.tgz",
      "integrity": "sha1-PYyt2Q2XZWn6g1qx+OSyOhBWBac="
    },
    "fs.realpath": {
      "version": "1.0.0",
      "resolved": "https://registry.npmjs.org/fs.realpath/-/fs.realpath-1.0.0.tgz",
      "integrity": "sha1-FQStJSMVjKpA20onh8sBQRmU6k8="
    },
    "function-bind": {
      "version": "1.1.1",
      "resolved": "https://registry.npmjs.org/function-bind/-/function-bind-1.1.1.tgz",
      "integrity": "sha512-yIovAzMX49sF8Yl58fSCWJ5svSLuaibPxXQJFLmBObTuCr0Mf1KiPopGM9NiFjiYBCbfaa2Fh6breQ6ANVTI0A=="
    },
    "glob": {
      "version": "7.1.2",
      "resolved": "https://registry.npmjs.org/glob/-/glob-7.1.2.tgz",
      "integrity": "sha512-MJTUg1kjuLeQCJ+ccE4Vpa6kKVXkPYJ2mOCQyUuKLcLQsdrMCpBPUi8qVE6+YuaJkozeA9NusTAw3hLr8Xe5EQ==",
      "requires": {
        "fs.realpath": "1.0.0",
        "inflight": "https://registry.npmjs.org/inflight/-/inflight-1.0.6.tgz",
        "inherits": "https://registry.npmjs.org/inherits/-/inherits-2.0.3.tgz",
        "minimatch": "https://registry.npmjs.org/minimatch/-/minimatch-3.0.4.tgz",
        "once": "https://registry.npmjs.org/once/-/once-1.4.0.tgz",
        "path-is-absolute": "https://registry.npmjs.org/path-is-absolute/-/path-is-absolute-1.0.1.tgz"
      }
    },
    "glob-parent": {
      "version": "3.1.0",
      "resolved": "https://registry.npmjs.org/glob-parent/-/glob-parent-3.1.0.tgz",
      "integrity": "sha1-nmr2KZ2NO9K9QEMIMr0RPfkGxa4=",
      "requires": {
        "is-glob": "3.1.0",
        "path-dirname": "1.0.2"
      }
    },
    "glob-stream": {
      "version": "6.1.0",
      "resolved": "https://registry.npmjs.org/glob-stream/-/glob-stream-6.1.0.tgz",
      "integrity": "sha1-cEXJlBOz65SIjYOrRtC0BMx73eQ=",
      "requires": {
        "extend": "3.0.1",
        "glob": "7.1.2",
        "glob-parent": "3.1.0",
        "is-negated-glob": "1.0.0",
        "ordered-read-streams": "1.0.1",
        "pumpify": "1.3.5",
        "readable-stream": "2.3.3",
        "remove-trailing-separator": "1.1.0",
        "to-absolute-glob": "2.0.1",
        "unique-stream": "2.2.1"
      }
    },
    "graceful-fs": {
      "version": "4.1.11",
      "resolved": "https://registry.npmjs.org/graceful-fs/-/graceful-fs-4.1.11.tgz",
      "integrity": "sha1-Dovf5NHduIVNZOBOp8AOKgJuVlg="
    },
    "handlebars": {
      "version": "4.0.11",
      "resolved": "https://registry.npmjs.org/handlebars/-/handlebars-4.0.11.tgz",
      "integrity": "sha1-Ywo13+ApS8KB7a5v/F0yn8eYLcw=",
      "requires": {
        "async": "1.5.2",
        "optimist": "0.6.1",
        "source-map": "0.4.4",
        "uglify-js": "2.8.29"
      }
    },
    "help-me": {
      "version": "1.1.0",
      "resolved": "https://registry.npmjs.org/help-me/-/help-me-1.1.0.tgz",
      "integrity": "sha1-jy1QjQYAtKRW2i8IZVbn5cBWo8Y=",
      "requires": {
        "callback-stream": "1.1.0",
        "glob-stream": "6.1.0",
        "through2": "2.0.3",
        "xtend": "4.0.1"
      }
    },
    "hex2ascii": {
      "version": "0.0.3",
      "resolved": "https://registry.npmjs.org/hex2ascii/-/hex2ascii-0.0.3.tgz",
      "integrity": "sha1-LasIutWjRDDdXMdRJx6sSpDq6Po="
    },
    "http": {
      "version": "0.0.0",
      "resolved": "https://registry.npmjs.org/http/-/http-0.0.0.tgz",
      "integrity": "sha1-huYybSnF0Dnen6xYSkVon5KfT3I="
    },
    "http-errors": {
      "version": "https://registry.npmjs.org/http-errors/-/http-errors-1.6.2.tgz",
      "integrity": "sha1-CgAsyFcHGSp+eUbO7cERVfYOxzY=",
      "requires": {
        "depd": "https://registry.npmjs.org/depd/-/depd-1.1.1.tgz",
        "inherits": "https://registry.npmjs.org/inherits/-/inherits-2.0.3.tgz",
        "setprototypeof": "https://registry.npmjs.org/setprototypeof/-/setprototypeof-1.0.3.tgz",
        "statuses": "https://registry.npmjs.org/statuses/-/statuses-1.4.0.tgz"
      }
    },
    "iconv-lite": {
      "version": "https://registry.npmjs.org/iconv-lite/-/iconv-lite-0.4.19.tgz",
      "integrity": "sha1-90aPYBNfXl2tM5nAqBvpoWA6CCs="
    },
    "inflight": {
      "version": "https://registry.npmjs.org/inflight/-/inflight-1.0.6.tgz",
      "integrity": "sha1-Sb1jMdfQLQwJvJEKEHW6gWW1bfk=",
      "requires": {
        "once": "https://registry.npmjs.org/once/-/once-1.4.0.tgz",
        "wrappy": "https://registry.npmjs.org/wrappy/-/wrappy-1.0.2.tgz"
      }
    },
    "inherits": {
      "version": "https://registry.npmjs.org/inherits/-/inherits-2.0.3.tgz",
      "integrity": "sha1-Yzwsg+PaQqUC9SRmAiSA9CCCYd4="
    },
    "ipaddr.js": {
      "version": "https://registry.npmjs.org/ipaddr.js/-/ipaddr.js-1.5.2.tgz",
      "integrity": "sha1-1LUFvemUaYfM8PxY2QEP+WB+P6A="
    },
    "is-absolute": {
      "version": "0.2.6",
      "resolved": "https://registry.npmjs.org/is-absolute/-/is-absolute-0.2.6.tgz",
      "integrity": "sha1-IN5p89uULvLYe5wto28XIjWxtes=",
      "requires": {
        "is-relative": "0.2.1",
        "is-windows": "0.2.0"
      }
    },
    "is-buffer": {
      "version": "1.1.6",
      "resolved": "https://registry.npmjs.org/is-buffer/-/is-buffer-1.1.6.tgz",
      "integrity": "sha512-NcdALwpXkTm5Zvvbk7owOUSvVvBKDgKP5/ewfXEznmQFfs4ZRmanOeKBTjRVjka3QFoN6XJ+9F3USqfHqTaU5w=="
    },
    "is-extendable": {
      "version": "0.1.1",
      "resolved": "https://registry.npmjs.org/is-extendable/-/is-extendable-0.1.1.tgz",
      "integrity": "sha1-YrEQ4omkcUGOPsNqYX1HLjAd/Ik="
    },
    "is-extglob": {
      "version": "2.1.1",
      "resolved": "https://registry.npmjs.org/is-extglob/-/is-extglob-2.1.1.tgz",
      "integrity": "sha1-qIwCU1eR8C7TfHahueqXc8gz+MI="
    },
    "is-glob": {
      "version": "3.1.0",
      "resolved": "https://registry.npmjs.org/is-glob/-/is-glob-3.1.0.tgz",
      "integrity": "sha1-e6WuJCF4BKxwcHuWkiVnSGzD6Eo=",
      "requires": {
        "is-extglob": "2.1.1"
      }
    },
    "is-negated-glob": {
      "version": "1.0.0",
      "resolved": "https://registry.npmjs.org/is-negated-glob/-/is-negated-glob-1.0.0.tgz",
      "integrity": "sha1-aRC8pdqMleeEtXUbl2z1oQ/uNtI="
    },
    "is-relative": {
      "version": "0.2.1",
      "resolved": "https://registry.npmjs.org/is-relative/-/is-relative-0.2.1.tgz",
      "integrity": "sha1-0n9MfVFtF1+2ENuEu+7yPDvJeqU=",
      "requires": {
        "is-unc-path": "0.1.2"
      }
    },
    "is-unc-path": {
      "version": "0.1.2",
      "resolved": "https://registry.npmjs.org/is-unc-path/-/is-unc-path-0.1.2.tgz",
      "integrity": "sha1-arBTpyVzwQJQ/0FqOBTDUXivObk=",
      "requires": {
        "unc-path-regex": "0.1.2"
      }
    },
    "is-windows": {
      "version": "0.2.0",
      "resolved": "https://registry.npmjs.org/is-windows/-/is-windows-0.2.0.tgz",
      "integrity": "sha1-3hqm1j6indJIc3tp8f+LgALSEIw="
    },
    "isarray": {
      "version": "1.0.0",
      "resolved": "https://registry.npmjs.org/isarray/-/isarray-1.0.0.tgz",
      "integrity": "sha1-u5NdSFgsuhaMBoNJV6VKPgcSTxE="
    },
    "json-stable-stringify": {
      "version": "1.0.1",
      "resolved": "https://registry.npmjs.org/json-stable-stringify/-/json-stable-stringify-1.0.1.tgz",
      "integrity": "sha1-mnWdOcXy/1A/1TAGRu1EX4jE+a8=",
      "requires": {
        "jsonify": "0.0.0"
      }
    },
    "jsonify": {
      "version": "0.0.0",
      "resolved": "https://registry.npmjs.org/jsonify/-/jsonify-0.0.0.tgz",
      "integrity": "sha1-LHS27kHZPKUbe1qu6PUDYx0lKnM="
    },
    "kind-of": {
      "version": "3.2.2",
      "resolved": "https://registry.npmjs.org/kind-of/-/kind-of-3.2.2.tgz",
      "integrity": "sha1-MeohpzS6ubuw8yRm2JOupR5KPGQ=",
      "requires": {
        "is-buffer": "1.1.6"
      }
    },
    "lazy-cache": {
      "version": "1.0.4",
      "resolved": "https://registry.npmjs.org/lazy-cache/-/lazy-cache-1.0.4.tgz",
      "integrity": "sha1-odePw6UEdMuAhF07O24dpJpEbo4=",
      "optional": true
    },
    "leven": {
      "version": "1.0.2",
      "resolved": "https://registry.npmjs.org/leven/-/leven-1.0.2.tgz",
      "integrity": "sha1-kUS27ryl8dBoAWnxpncNzqYLdcM="
    },
    "longest": {
      "version": "1.0.1",
      "resolved": "https://registry.npmjs.org/longest/-/longest-1.0.1.tgz",
      "integrity": "sha1-MKCy2jj3N3DoKUoNIuZiXtd9AJc="
    },
    "media-typer": {
      "version": "https://registry.npmjs.org/media-typer/-/media-typer-0.3.0.tgz",
      "integrity": "sha1-hxDXrwqmJvj/+hzgAWhUUmMlV0g="
    },
    "merge-descriptors": {
      "version": "https://registry.npmjs.org/merge-descriptors/-/merge-descriptors-1.0.1.tgz",
      "integrity": "sha1-sAqqVW3YtEVoFQ7J0blT8/kMu2E="
    },
    "methods": {
      "version": "https://registry.npmjs.org/methods/-/methods-1.1.2.tgz",
      "integrity": "sha1-VSmk1nZUE07cxSZmVoNbD4Ua/O4="
    },
    "mime": {
      "version": "https://registry.npmjs.org/mime/-/mime-1.4.1.tgz",
      "integrity": "sha1-Eh+evEnjdm8xGnbh+hyAA8SwOqY="
    },
    "mime-db": {
      "version": "https://registry.npmjs.org/mime-db/-/mime-db-1.30.0.tgz",
      "integrity": "sha1-dMZD2i3Z1qRTmZY0ZbJtXKfXHwE="
    },
    "mime-types": {
      "version": "https://registry.npmjs.org/mime-types/-/mime-types-2.1.17.tgz",
      "integrity": "sha1-Cdejk/A+mVp5+K+Fe3Cp4KsWVXo=",
      "requires": {
        "mime-db": "https://registry.npmjs.org/mime-db/-/mime-db-1.30.0.tgz"
      }
    },
    "minimatch": {
      "version": "https://registry.npmjs.org/minimatch/-/minimatch-3.0.4.tgz",
      "integrity": "sha1-UWbihkV/AzBgZL5Ul+jbsMPTIIM=",
      "requires": {
        "brace-expansion": "https://registry.npmjs.org/brace-expansion/-/brace-expansion-1.1.8.tgz"
      }
    },
    "minimist": {
      "version": "https://registry.npmjs.org/minimist/-/minimist-1.2.0.tgz",
      "integrity": "sha1-o1AIsg9BOD7sH7kU9M1d95omQoQ="
    },
    "mkdirp": {
      "version": "https://registry.npmjs.org/mkdirp/-/mkdirp-0.5.1.tgz",
      "integrity": "sha1-MAV0OOrGz3+MR2fzhkjWaX11yQM=",
      "optional": true,
      "requires": {
        "minimist": "https://registry.npmjs.org/minimist/-/minimist-0.0.8.tgz"
      },
      "dependencies": {
        "minimist": {
          "version": "https://registry.npmjs.org/minimist/-/minimist-0.0.8.tgz",
          "integrity": "sha1-hX/Kv8M5fSYluCKCYuhqp6ARsF0=",
          "optional": true
        }
      }
    },
    "moment": {
      "version": "https://registry.npmjs.org/moment/-/moment-2.19.1.tgz",
      "integrity": "sha1-VtoaLRy/AdOLfhr8McELz6GSkWc=",
      "optional": true
    },
    "mqtt": {
      "version": "2.13.0",
      "resolved": "https://registry.npmjs.org/mqtt/-/mqtt-2.13.0.tgz",
      "integrity": "sha512-Mg+Fsjp7oaQnIzWfqUHtbfRdmgZJxcVkhjPBvOqJ0gzj0IwgpTgkQUVihJ8/U02yhnSfV6xzVtKpODXu15wc2g==",
      "requires": {
        "commist": "1.0.0",
        "concat-stream": "1.6.0",
        "end-of-stream": "1.4.0",
        "help-me": "1.1.0",
        "inherits": "https://registry.npmjs.org/inherits/-/inherits-2.0.3.tgz",
        "minimist": "https://registry.npmjs.org/minimist/-/minimist-1.2.0.tgz",
        "mqtt-packet": "5.4.0",
        "pump": "1.0.3",
        "readable-stream": "2.3.3",
        "reinterval": "1.1.0",
        "split2": "2.2.0",
        "websocket-stream": "5.1.1",
        "xtend": "4.0.1"
      },
      "dependencies": {
        "websocket-stream": {
          "version": "5.1.1",
          "resolved": "https://registry.npmjs.org/websocket-stream/-/websocket-stream-5.1.1.tgz",
          "integrity": "sha512-ypQ50zVCnikSvJcRFWaZh7xeCufSje5+mbJRq3mdvdNx+06TD98C+bQsSKc7FkI6y1PVuNbzkenGywxlFiQeUQ==",
          "requires": {
            "duplexify": "3.5.1",
            "inherits": "https://registry.npmjs.org/inherits/-/inherits-2.0.3.tgz",
            "readable-stream": "2.3.3",
            "safe-buffer": "https://registry.npmjs.org/safe-buffer/-/safe-buffer-5.1.1.tgz",
            "ws": "3.3.2",
            "xtend": "4.0.1"
          }
        }
      }
    },
    "mqtt-packet": {
      "version": "5.4.0",
      "resolved": "https://registry.npmjs.org/mqtt-packet/-/mqtt-packet-5.4.0.tgz",
      "integrity": "sha512-ziN7uVysLdn7fYbOhEaKOhcZC3yIRTTakY4TFd2w+UvZIx9dPr8NCqbBYoC4WYDlzWHTn5EqR5x20pC+K24Ymg==",
      "requires": {
        "bl": "1.2.1",
        "inherits": "https://registry.npmjs.org/inherits/-/inherits-2.0.3.tgz",
        "process-nextick-args": "1.0.7",
        "safe-buffer": "https://registry.npmjs.org/safe-buffer/-/safe-buffer-5.1.1.tgz"
      }
    },
    "ms": {
      "version": "https://registry.npmjs.org/ms/-/ms-2.0.0.tgz",
      "integrity": "sha1-VgiurfwAvmwpAd9fmGF4jeDVl8g="
    },
    "multichain-node": {
      "version": "2.1.6-version1.0.2",
      "resolved": "https://registry.npmjs.org/multichain-node/-/multichain-node-2.1.6-version1.0.2.tgz",
      "integrity": "sha512-x/nw6rBHeuqEL2Sg6Hw4tYC8Gvdl3rX2Um5/0OO3bDTatQT2HZtsSgoHOdlJDwk1r0ZHK24ryk+ziQboyKQGCg=="
    },
    "mv": {
      "version": "https://registry.npmjs.org/mv/-/mv-2.1.1.tgz",
      "integrity": "sha1-rmzg1vbV4KT32JN5jQPB6pVZtqI=",
      "optional": true,
      "requires": {
        "mkdirp": "https://registry.npmjs.org/mkdirp/-/mkdirp-0.5.1.tgz",
        "ncp": "https://registry.npmjs.org/ncp/-/ncp-2.0.0.tgz",
        "rimraf": "https://registry.npmjs.org/rimraf/-/rimraf-2.4.5.tgz"
      }
    },
    "nan": {
      "version": "https://registry.npmjs.org/nan/-/nan-2.7.0.tgz",
      "integrity": "sha1-2Vv3IeyHfgjbJ27T/G63j5CDrUY=",
      "optional": true
    },
    "ncp": {
      "version": "https://registry.npmjs.org/ncp/-/ncp-2.0.0.tgz",
      "integrity": "sha1-GVoh1sRuNh0vsSgbo4uR6d9727M=",
      "optional": true
    },
    "negotiator": {
      "version": "https://registry.npmjs.org/negotiator/-/negotiator-0.6.1.tgz",
      "integrity": "sha1-KzJxhOiZIQEXeyhWP7XnECrNDKk="
    },
    "object-keys": {
      "version": "1.0.11",
      "resolved": "https://registry.npmjs.org/object-keys/-/object-keys-1.0.11.tgz",
      "integrity": "sha1-xUYBd4rVYPEULODgG8yotW0TQm0="
    },
    "object.assign": {
      "version": "4.0.4",
      "resolved": "https://registry.npmjs.org/object.assign/-/object.assign-4.0.4.tgz",
      "integrity": "sha1-scnMBE7xuf5jYG/BQau7MuFHMMw=",
      "requires": {
        "define-properties": "1.1.2",
        "function-bind": "1.1.1",
        "object-keys": "1.0.11"
      }
    },
    "on-finished": {
      "version": "https://registry.npmjs.org/on-finished/-/on-finished-2.3.0.tgz",
      "integrity": "sha1-IPEzZIGwg811M3mSoWlxqi2QaUc=",
      "requires": {
        "ee-first": "https://registry.npmjs.org/ee-first/-/ee-first-1.1.1.tgz"
      }
    },
    "once": {
      "version": "https://registry.npmjs.org/once/-/once-1.4.0.tgz",
      "integrity": "sha1-WDsap3WWHUsROsF9nFC6753Xa9E=",
      "requires": {
        "wrappy": "https://registry.npmjs.org/wrappy/-/wrappy-1.0.2.tgz"
      }
    },
    "optimist": {
      "version": "0.6.1",
      "resolved": "https://registry.npmjs.org/optimist/-/optimist-0.6.1.tgz",
      "integrity": "sha1-2j6nRob6IaGaERwybpDrFaAZZoY=",
      "requires": {
        "minimist": "0.0.10",
        "wordwrap": "0.0.3"
      },
      "dependencies": {
        "minimist": {
          "version": "0.0.10",
          "resolved": "https://registry.npmjs.org/minimist/-/minimist-0.0.10.tgz",
          "integrity": "sha1-3j+YVD2/lggr5IrRoMfNqDYwHc8="
        }
      }
    },
    "options": {
      "version": "0.0.6",
      "resolved": "https://registry.npmjs.org/options/-/options-0.0.6.tgz",
      "integrity": "sha1-7CLTEoBrtT5zF3Pnza788cZDEo8="
    },
    "ordered-read-streams": {
      "version": "1.0.1",
      "resolved": "https://registry.npmjs.org/ordered-read-streams/-/ordered-read-streams-1.0.1.tgz",
      "integrity": "sha1-d8DLN8QVJdZBZtmQ/61+xqDhNj4=",
      "requires": {
        "readable-stream": "2.3.3"
      }
    },
    "parseurl": {
      "version": "https://registry.npmjs.org/parseurl/-/parseurl-1.3.2.tgz",
      "integrity": "sha1-/CidTtiZMRlGDBViUyYs3I3mW/M="
    },
    "path": {
      "version": "0.12.7",
      "resolved": "https://registry.npmjs.org/path/-/path-0.12.7.tgz",
      "integrity": "sha1-1NwqUGxM4hl+tIHr/NWzbAFAsQ8=",
      "requires": {
        "process": "0.11.10",
        "util": "0.10.3"
      }
    },
    "path-dirname": {
      "version": "1.0.2",
      "resolved": "https://registry.npmjs.org/path-dirname/-/path-dirname-1.0.2.tgz",
      "integrity": "sha1-zDPSTVJeCZpTiMAzbG4yuRYGCeA="
    },
    "path-is-absolute": {
      "version": "https://registry.npmjs.org/path-is-absolute/-/path-is-absolute-1.0.1.tgz",
      "integrity": "sha1-F0uSaHNVNP+8es5r9TpanhtcX18="
    },
    "path-to-regexp": {
      "version": "https://registry.npmjs.org/path-to-regexp/-/path-to-regexp-0.1.7.tgz",
      "integrity": "sha1-32BBeABfUi8V60SQ5yR6G/qmf4w="
    },
    "process": {
      "version": "0.11.10",
      "resolved": "https://registry.npmjs.org/process/-/process-0.11.10.tgz",
      "integrity": "sha1-czIwDoQBYb2j5podHZGn1LwW8YI="
    },
    "process-nextick-args": {
      "version": "1.0.7",
      "resolved": "https://registry.npmjs.org/process-nextick-args/-/process-nextick-args-1.0.7.tgz",
      "integrity": "sha1-FQ4gt1ZZCtP5EJPyWk8q2L/zC6M="
    },
    "promise": {
      "version": "7.3.1",
      "resolved": "https://registry.npmjs.org/promise/-/promise-7.3.1.tgz",
      "integrity": "sha512-nolQXZ/4L+bP/UGlkfaIujX9BKxGwmQ9OT4mOt5yvy8iK1h3wqTEJCijzGANTCCl9nWjY41juyAn2K3Q1hLLTg==",
      "requires": {
        "asap": "2.0.6"
      }
    },
    "proxy-addr": {
      "version": "https://registry.npmjs.org/proxy-addr/-/proxy-addr-2.0.2.tgz",
      "integrity": "sha1-ZXFQT0e7mI7IGAJT+F3X4UlSvew=",
      "requires": {
        "forwarded": "https://registry.npmjs.org/forwarded/-/forwarded-0.1.2.tgz",
        "ipaddr.js": "https://registry.npmjs.org/ipaddr.js/-/ipaddr.js-1.5.2.tgz"
      }
    },
    "pump": {
      "version": "1.0.3",
      "resolved": "https://registry.npmjs.org/pump/-/pump-1.0.3.tgz",
      "integrity": "sha512-8k0JupWme55+9tCVE+FS5ULT3K6AbgqrGa58lTT49RpyfwwcGedHqaC5LlQNdEAumn/wFsu6aPwkuPMioy8kqw==",
      "requires": {
        "end-of-stream": "1.4.0",
        "once": "https://registry.npmjs.org/once/-/once-1.4.0.tgz"
      }
    },
    "pumpify": {
      "version": "1.3.5",
      "resolved": "https://registry.npmjs.org/pumpify/-/pumpify-1.3.5.tgz",
      "integrity": "sha1-G2ccYZlAq8rqwK0OOjwWS+dgmTs=",
      "requires": {
        "duplexify": "3.5.1",
        "inherits": "https://registry.npmjs.org/inherits/-/inherits-2.0.3.tgz",
        "pump": "1.0.3"
      }
    },
    "qs": {
      "version": "https://registry.npmjs.org/qs/-/qs-6.5.1.tgz",
      "integrity": "sha1-NJzfbu+J7EXBLX1es/wMhwNDptg="
    },
    "range-parser": {
      "version": "https://registry.npmjs.org/range-parser/-/range-parser-1.2.0.tgz",
      "integrity": "sha1-9JvmtIeJTdxA3MlKMi9hEJLgDV4="
    },
    "raw-body": {
      "version": "https://registry.npmjs.org/raw-body/-/raw-body-2.3.2.tgz",
      "integrity": "sha1-vNYMd9Prk83gBQKVw/N5OJvIj4k=",
      "requires": {
        "bytes": "https://registry.npmjs.org/bytes/-/bytes-3.0.0.tgz",
        "http-errors": "https://registry.npmjs.org/http-errors/-/http-errors-1.6.2.tgz",
        "iconv-lite": "https://registry.npmjs.org/iconv-lite/-/iconv-lite-0.4.19.tgz",
        "unpipe": "https://registry.npmjs.org/unpipe/-/unpipe-1.0.0.tgz"
      }
    },
    "readable-stream": {
      "version": "2.3.3",
      "resolved": "https://registry.npmjs.org/readable-stream/-/readable-stream-2.3.3.tgz",
      "integrity": "sha512-m+qzzcn7KUxEmd1gMbchF+Y2eIUbieUaxkWtptyHywrX0rE8QEYqPC07Vuy4Wm32/xE16NcdBctb8S0Xe/5IeQ==",
      "requires": {
        "core-util-is": "1.0.2",
        "inherits": "https://registry.npmjs.org/inherits/-/inherits-2.0.3.tgz",
        "isarray": "1.0.0",
        "process-nextick-args": "1.0.7",
        "safe-buffer": "https://registry.npmjs.org/safe-buffer/-/safe-buffer-5.1.1.tgz",
        "string_decoder": "1.0.3",
        "util-deprecate": "1.0.2"
      }
    },
    "reinterval": {
      "version": "1.1.0",
      "resolved": "https://registry.npmjs.org/reinterval/-/reinterval-1.1.0.tgz",
      "integrity": "sha1-M2Hs+jymwYKDOA3Qu5VG85D17Oc="
    },
    "remove-trailing-separator": {
      "version": "1.1.0",
      "resolved": "https://registry.npmjs.org/remove-trailing-separator/-/remove-trailing-separator-1.1.0.tgz",
      "integrity": "sha1-wkvOKig62tW8P1jg1IJJuSN52O8="
    },
    "repeat-string": {
      "version": "1.6.1",
      "resolved": "https://registry.npmjs.org/repeat-string/-/repeat-string-1.6.1.tgz",
      "integrity": "sha1-jcrkcOHIirwtYA//Sndihtp15jc="
    },
    "right-align": {
      "version": "0.1.3",
      "resolved": "https://registry.npmjs.org/right-align/-/right-align-0.1.3.tgz",
      "integrity": "sha1-YTObci/mo1FWiSENJOFMlhSGE+8=",
      "optional": true,
      "requires": {
        "align-text": "0.1.4"
      }
    },
    "rimraf": {
      "version": "https://registry.npmjs.org/rimraf/-/rimraf-2.4.5.tgz",
      "integrity": "sha1-7nEM5dk6j9uFb7Xqj/Di11k0sto=",
      "optional": true,
      "requires": {
        "glob": "https://registry.npmjs.org/glob/-/glob-6.0.4.tgz"
      },
      "dependencies": {
        "glob": {
          "version": "https://registry.npmjs.org/glob/-/glob-6.0.4.tgz",
          "integrity": "sha1-DwiGD2oVUSey+t1PnOJLGqtuTSI=",
          "optional": true,
          "requires": {
            "inflight": "https://registry.npmjs.org/inflight/-/inflight-1.0.6.tgz",
            "inherits": "https://registry.npmjs.org/inherits/-/inherits-2.0.3.tgz",
            "minimatch": "https://registry.npmjs.org/minimatch/-/minimatch-3.0.4.tgz",
            "once": "https://registry.npmjs.org/once/-/once-1.4.0.tgz",
            "path-is-absolute": "https://registry.npmjs.org/path-is-absolute/-/path-is-absolute-1.0.1.tgz"
          }
        }
      }
    },
    "safe-buffer": {
      "version": "https://registry.npmjs.org/safe-buffer/-/safe-buffer-5.1.1.tgz",
      "integrity": "sha1-iTMSr2myEj3vcfV4iQAWce6yyFM="
    },
    "safe-json-stringify": {
      "version": "https://registry.npmjs.org/safe-json-stringify/-/safe-json-stringify-1.0.4.tgz",
      "integrity": "sha1-gaCY9Efku8P/MxKiQ1IbwGDvWRE=",
      "optional": true
    },
    "send": {
      "version": "https://registry.npmjs.org/send/-/send-0.16.1.tgz",
      "integrity": "sha1-pw4coh0TgsEdDZ9iMd6ygQgNerM=",
      "requires": {
        "debug": "https://registry.npmjs.org/debug/-/debug-2.6.9.tgz",
        "depd": "https://registry.npmjs.org/depd/-/depd-1.1.1.tgz",
        "destroy": "https://registry.npmjs.org/destroy/-/destroy-1.0.4.tgz",
        "encodeurl": "https://registry.npmjs.org/encodeurl/-/encodeurl-1.0.1.tgz",
        "escape-html": "https://registry.npmjs.org/escape-html/-/escape-html-1.0.3.tgz",
        "etag": "https://registry.npmjs.org/etag/-/etag-1.8.1.tgz",
        "fresh": "https://registry.npmjs.org/fresh/-/fresh-0.5.2.tgz",
        "http-errors": "https://registry.npmjs.org/http-errors/-/http-errors-1.6.2.tgz",
        "mime": "https://registry.npmjs.org/mime/-/mime-1.4.1.tgz",
        "ms": "https://registry.npmjs.org/ms/-/ms-2.0.0.tgz",
        "on-finished": "https://registry.npmjs.org/on-finished/-/on-finished-2.3.0.tgz",
        "range-parser": "https://registry.npmjs.org/range-parser/-/range-parser-1.2.0.tgz",
        "statuses": "https://registry.npmjs.org/statuses/-/statuses-1.3.1.tgz"
      },
      "dependencies": {
        "statuses": {
          "version": "https://registry.npmjs.org/statuses/-/statuses-1.3.1.tgz",
          "integrity": "sha1-+vUbnrdKrvOzrPStX2Gr8ky3uT4="
        }
      }
    },
    "serve-static": {
      "version": "https://registry.npmjs.org/serve-static/-/serve-static-1.13.1.tgz",
      "integrity": "sha1-TFfVNASnYdjy58HooYpH2/J4pxk=",
      "requires": {
        "encodeurl": "https://registry.npmjs.org/encodeurl/-/encodeurl-1.0.1.tgz",
        "escape-html": "https://registry.npmjs.org/escape-html/-/escape-html-1.0.3.tgz",
        "parseurl": "https://registry.npmjs.org/parseurl/-/parseurl-1.3.2.tgz",
        "send": "https://registry.npmjs.org/send/-/send-0.16.1.tgz"
      }
    },
    "setprototypeof": {
      "version": "https://registry.npmjs.org/setprototypeof/-/setprototypeof-1.0.3.tgz",
      "integrity": "sha1-ZlZ+NwQ+608E2RvWWMDL77VbjgQ="
    },
    "source-map": {
      "version": "0.4.4",
      "resolved": "https://registry.npmjs.org/source-map/-/source-map-0.4.4.tgz",
      "integrity": "sha1-66T12pwNyZneaAMti092FzZSA2s=",
      "requires": {
        "amdefine": "1.0.1"
      }
    },
    "split2": {
      "version": "2.2.0",
      "resolved": "https://registry.npmjs.org/split2/-/split2-2.2.0.tgz",
      "integrity": "sha512-RAb22TG39LhI31MbreBgIuKiIKhVsawfTgEGqKHTK87aG+ul/PB8Sqoi3I7kVdRWiCfrKxK3uo4/YUkpNvhPbw==",
      "requires": {
        "through2": "2.0.3"
      }
    },
    "statuses": {
      "version": "https://registry.npmjs.org/statuses/-/statuses-1.4.0.tgz",
      "integrity": "sha1-u3PURtonlhBu/MG2AaJT1sRr0Ic="
    },
    "stream-shift": {
      "version": "1.0.0",
      "resolved": "https://registry.npmjs.org/stream-shift/-/stream-shift-1.0.0.tgz",
      "integrity": "sha1-1cdSgl5TZ+eG944Y5EXqIjoVWVI="
    },
    "string_decoder": {
      "version": "1.0.3",
      "resolved": "https://registry.npmjs.org/string_decoder/-/string_decoder-1.0.3.tgz",
      "integrity": "sha512-4AH6Z5fzNNBcH+6XDMfA/BTt87skxqJlO0lAh3Dker5zThcAxG6mKz+iGu308UKoPPQ8Dcqx/4JhujzltRa+hQ==",
      "requires": {
        "safe-buffer": "https://registry.npmjs.org/safe-buffer/-/safe-buffer-5.1.1.tgz"
      }
    },
    "through2": {
      "version": "2.0.3",
      "resolved": "https://registry.npmjs.org/through2/-/through2-2.0.3.tgz",
      "integrity": "sha1-AARWmzfHx0ujnEPzzteNGtlBQL4=",
      "requires": {
        "readable-stream": "2.3.3",
        "xtend": "4.0.1"
      }
    },
    "through2-filter": {
      "version": "2.0.0",
      "resolved": "https://registry.npmjs.org/through2-filter/-/through2-filter-2.0.0.tgz",
      "integrity": "sha1-YLxVoNrLdghdsfna6Zq0P4PWIuw=",
      "requires": {
        "through2": "2.0.3",
        "xtend": "4.0.1"
      }
    },
    "to-absolute-glob": {
      "version": "2.0.1",
      "resolved": "https://registry.npmjs.org/to-absolute-glob/-/to-absolute-glob-2.0.1.tgz",
      "integrity": "sha1-cMN1gFueMQXome6NvdapqhCPQHs=",
      "requires": {
        "extend-shallow": "2.0.1",
        "is-absolute": "0.2.6",
        "is-negated-glob": "1.0.0"
      }
    },
    "type-is": {
      "version": "https://registry.npmjs.org/type-is/-/type-is-1.6.15.tgz",
      "integrity": "sha1-yrEPtJCeRByChC6v4a1kbIGARBA=",
      "requires": {
        "media-typer": "https://registry.npmjs.org/media-typer/-/media-typer-0.3.0.tgz",
        "mime-types": "https://registry.npmjs.org/mime-types/-/mime-types-2.1.17.tgz"
      }
    },
    "typedarray": {
      "version": "0.0.6",
      "resolved": "https://registry.npmjs.org/typedarray/-/typedarray-0.0.6.tgz",
      "integrity": "sha1-hnrHTjhkGHsdPUfZlqeOxciDB3c="
    },
    "uglify-js": {
      "version": "2.8.29",
      "resolved": "https://registry.npmjs.org/uglify-js/-/uglify-js-2.8.29.tgz",
      "integrity": "sha1-KcVzMUgFe7Th913zW3qcty5qWd0=",
      "optional": true,
      "requires": {
        "source-map": "0.5.7",
        "uglify-to-browserify": "1.0.2",
        "yargs": "3.10.0"
      },
      "dependencies": {
        "source-map": {
          "version": "0.5.7",
          "resolved": "https://registry.npmjs.org/source-map/-/source-map-0.5.7.tgz",
          "integrity": "sha1-igOdLRAh0i0eoUyA2OpGi6LvP8w=",
          "optional": true
        }
      }
    },
    "uglify-to-browserify": {
      "version": "1.0.2",
      "resolved": "https://registry.npmjs.org/uglify-to-browserify/-/uglify-to-browserify-1.0.2.tgz",
      "integrity": "sha1-bgkk1r2mta/jSeOabWMoUKD4grc=",
      "optional": true
    },
    "ultron": {
      "version": "https://registry.npmjs.org/ultron/-/ultron-1.1.0.tgz",
      "integrity": "sha1-sHoualQagV/Go0zNRTO67DB8qGQ="
    },
    "unc-path-regex": {
      "version": "0.1.2",
      "resolved": "https://registry.npmjs.org/unc-path-regex/-/unc-path-regex-0.1.2.tgz",
      "integrity": "sha1-5z3T17DXxe2G+6xrCufYxqadUPo="
    },
    "unique-stream": {
      "version": "2.2.1",
      "resolved": "https://registry.npmjs.org/unique-stream/-/unique-stream-2.2.1.tgz",
      "integrity": "sha1-WqADz76Uxf+GbE59ZouxxNuts2k=",
      "requires": {
        "json-stable-stringify": "1.0.1",
        "through2-filter": "2.0.0"
      }
    },
    "unpipe": {
      "version": "https://registry.npmjs.org/unpipe/-/unpipe-1.0.0.tgz",
      "integrity": "sha1-sr9O6FFKrmFltIF4KdIbLvSZBOw="
    },
    "util": {
      "version": "0.10.3",
      "resolved": "https://registry.npmjs.org/util/-/util-0.10.3.tgz",
      "integrity": "sha1-evsa/lCAUkZInj23/g7TeTNqwPk=",
      "requires": {
        "inherits": "2.0.1"
      },
      "dependencies": {
        "inherits": {
          "version": "2.0.1",
          "resolved": "https://registry.npmjs.org/inherits/-/inherits-2.0.1.tgz",
          "integrity": "sha1-sX0I0ya0Qj5Wjv9xn5GwscvfafE="
        }
      }
    },
    "util-deprecate": {
      "version": "1.0.2",
      "resolved": "https://registry.npmjs.org/util-deprecate/-/util-deprecate-1.0.2.tgz",
      "integrity": "sha1-RQ1Nyfpw3nMnYvvS1KKJgUGaDM8="
    },
    "utils-merge": {
      "version": "https://registry.npmjs.org/utils-merge/-/utils-merge-1.0.1.tgz",
      "integrity": "sha1-n5VxD1CiZ5R7LMwSR0HBAoQn5xM="
    },
    "vary": {
      "version": "https://registry.npmjs.org/vary/-/vary-1.1.2.tgz",
      "integrity": "sha1-IpnwLG3tMNSllhsLn3RSShj2NPw="
    },
    "websocket-stream": {
      "version": "3.3.3",
      "resolved": "https://registry.npmjs.org/websocket-stream/-/websocket-stream-3.3.3.tgz",
      "integrity": "sha1-Nh2lQEozfmDPvCm0pGNodiZ53ws=",
      "requires": {
        "duplexify": "3.5.1",
        "inherits": "https://registry.npmjs.org/inherits/-/inherits-2.0.3.tgz",
        "through2": "2.0.3",
        "ws": "1.1.5",
        "xtend": "4.0.1"
      },
      "dependencies": {
        "ultron": {
          "version": "1.0.2",
          "resolved": "https://registry.npmjs.org/ultron/-/ultron-1.0.2.tgz",
          "integrity": "sha1-rOEWq1V80Zc4ak6I9GhTeMiy5Po="
        },
        "ws": {
          "version": "1.1.5",
          "resolved": "https://registry.npmjs.org/ws/-/ws-1.1.5.tgz",
          "integrity": "sha512-o3KqipXNUdS7wpQzBHSe180lBGO60SoK0yVo3CYJgb2MkobuWuBX6dhkYP5ORCLd55y+SaflMOV5fqAB53ux4w==",
          "requires": {
            "options": "0.0.6",
            "ultron": "1.0.2"
          }
        }
      }
    },
    "window-size": {
      "version": "0.1.0",
      "resolved": "https://registry.npmjs.org/window-size/-/window-size-0.1.0.tgz",
      "integrity": "sha1-VDjNLqk7IC76Ohn+iIeu58lPnJ0=",
      "optional": true
    },
    "wordwrap": {
      "version": "0.0.3",
      "resolved": "https://registry.npmjs.org/wordwrap/-/wordwrap-0.0.3.tgz",
      "integrity": "sha1-o9XabNXAvAAI03I0u68b7WMFkQc="
    },
    "wrappy": {
      "version": "https://registry.npmjs.org/wrappy/-/wrappy-1.0.2.tgz",
      "integrity": "sha1-tSQ9jz7BqjXxNkYFvA0QNuMKtp8="
    },
    "ws": {
      "version": "3.3.2",
      "resolved": "https://registry.npmjs.org/ws/-/ws-3.3.2.tgz",
      "integrity": "sha512-t+WGpsNxhMR4v6EClXS8r8km5ZljKJzyGhJf7goJz9k5Ye3+b5Bvno5rjqPuIBn5mnn5GBb7o8IrIWHxX1qOLQ==",
      "requires": {
        "async-limiter": "1.0.0",
        "safe-buffer": "https://registry.npmjs.org/safe-buffer/-/safe-buffer-5.1.1.tgz",
        "ultron": "https://registry.npmjs.org/ultron/-/ultron-1.1.0.tgz"
      }
    },
    "xtend": {
      "version": "4.0.1",
      "resolved": "https://registry.npmjs.org/xtend/-/xtend-4.0.1.tgz",
      "integrity": "sha1-pcbVMr5lbiPbgg77lDofBJmNY68="
    },
    "yargs": {
      "version": "3.10.0",
      "resolved": "https://registry.npmjs.org/yargs/-/yargs-3.10.0.tgz",
      "integrity": "sha1-9+572FfdfB0tOMDnTvvWgdFDH9E=",
      "optional": true,
      "requires": {
        "camelcase": "1.2.1",
        "cliui": "2.1.0",
        "decamelize": "1.2.0",
        "window-size": "0.1.0"
      }
    }
  }
}
